{
  "name": "magento-mass-block-editor",
  "version": "1.0.0",
  "lockfileVersion": 3,
  "requires": true,
  "packages": {
    "": {
      "name": "magento-mass-block-editor",
      "version": "1.0.0",
      "license": "ISC",
      "dependencies": {
        "magento2-api-wrapper": "^2.1.0"
      }
    },
    "node_modules/magento2-api-wrapper": {
      "version": "2.1.0",
      "resolved": "https://registry.npmjs.org/magento2-api-wrapper/-/magento2-api-wrapper-2.1.0.tgz",
      "integrity": "sha512-VtIvD/EmiOvTM+N+U+YxNUeUQFyZhBG1Jx7xQXbHHTPEfIaP4TvCwJAdnqR7dqPPLaDoEPGuZRDlQQRGdG+kbA==",
      "license": "MIT"
    }
  }
}
